
Microsoft Visual Studio Solution File, Format Version 12.00
# Visual Studio Version 16
VisualStudioVersion = 16.0.29609.76
MinimumVisualStudioVersion = 10.0.40219.1
Project("{2150E333-8FDC-42A3-9474-1A3956D46DE8}") = "FunctionApps", "FunctionApps", "{E7ABD9DB-4781-4AF6-8DF0-300A748FA542}"
EndProject
Project("{9A19103F-16F7-4668-BE54-9A1E7A4F7556}") = "HelloWorld", "FunctionApps\HelloWorld\HelloWorld.csproj", "{3766F2B4-B7E2-4F56-A15F-74B1E50D324F}"
EndProject
Project("{9A19103F-16F7-4668-BE54-9A1E7A4F7556}") = "HelloCosmosDb", "FunctionApps\HelloCosmosDb\HelloCosmosDb.csproj", "{728B9A9A-A8C9-4EA8-AC81-546F865AEDF2}"
EndProject
Project("{9A19103F-16F7-4668-BE54-9A1E7A4F7556}") = "NewTerra", "NewTerra\NewTerra.csproj", "{7B19952A-8231-4E0E-8591-30816B554CC7}"
EndProject
Global
	GlobalSection(SolutionConfigurationPlatforms) = preSolution
		Debug|Any CPU = Debug|Any CPU
		Release|Any CPU = Release|Any CPU
	EndGlobalSection
	GlobalSection(ProjectConfigurationPlatforms) = postSolution
		{3766F2B4-B7E2-4F56-A15F-74B1E50D324F}.Debug|Any CPU.ActiveCfg = Debug|Any CPU
		{3766F2B4-B7E2-4F56-A15F-74B1E50D324F}.Debug|Any CPU.Build.0 = Debug|Any CPU
		{3766F2B4-B7E2-4F56-A15F-74B1E50D324F}.Release|Any CPU.ActiveCfg = Release|Any CPU
		{3766F2B4-B7E2-4F56-A15F-74B1E50D324F}.Release|Any CPU.Build.0 = Release|Any CPU
		{728B9A9A-A8C9-4EA8-AC81-546F865AEDF2}.Debug|Any CPU.ActiveCfg = Debug|Any CPU
		{728B9A9A-A8C9-4EA8-AC81-546F865AEDF2}.Debug|Any CPU.Build.0 = Debug|Any CPU
		{728B9A9A-A8C9-4EA8-AC81-546F865AEDF2}.Release|Any CPU.ActiveCfg = Release|Any CPU
		{728B9A9A-A8C9-4EA8-AC81-546F865AEDF2}.Release|Any CPU.Build.0 = Release|Any CPU
		{7B19952A-8231-4E0E-8591-30816B554CC7}.Debug|Any CPU.ActiveCfg = Debug|Any CPU
		{7B19952A-8231-4E0E-8591-30816B554CC7}.Debug|Any CPU.Build.0 = Debug|Any CPU
		{7B19952A-8231-4E0E-8591-30816B554CC7}.Release|Any CPU.ActiveCfg = Release|Any CPU
		{7B19952A-8231-4E0E-8591-30816B554CC7}.Release|Any CPU.Build.0 = Release|Any CPU
	EndGlobalSection
	GlobalSection(SolutionProperties) = preSolution
		HideSolutionNode = FALSE
	EndGlobalSection
	GlobalSection(NestedProjects) = preSolution
		{3766F2B4-B7E2-4F56-A15F-74B1E50D324F} = {E7ABD9DB-4781-4AF6-8DF0-300A748FA542}
		{728B9A9A-A8C9-4EA8-AC81-546F865AEDF2} = {E7ABD9DB-4781-4AF6-8DF0-300A748FA542}
	EndGlobalSection
	GlobalSection(ExtensibilityGlobals) = postSolution
		SolutionGuid = {F1531140-5A4A-43E6-B368-8C7C48AF6A0F}
	EndGlobalSection
EndGlobal
