
Microsoft Visual Studio Solution File, Format Version 12.00
# Visual Studio Version 16
VisualStudioVersion = 16.0.29609.76
MinimumVisualStudioVersion = 10.0.40219.1
Project("{2150E333-8FDC-42A3-9474-1A3956D46DE8}") = "FunctionApps", "FunctionApps", "{E7ABD9DB-4781-4AF6-8DF0-300A748FA542}"
EndProject
Project("{9A19103F-16F7-4668-BE54-9A1E7A4F7556}") = "NewTerra", "NewTerra\NewTerra.csproj", "{7B19952A-8231-4E0E-8591-30816B554CC7}"
EndProject
Project("{9A19103F-16F7-4668-BE54-9A1E7A4F7556}") = "Say", "FunctionApps\Say\Say.csproj", "{7762F1B0-4AF2-45A9-BE78-0B82C8DF1007}"
EndProject
Global
	GlobalSection(SolutionConfigurationPlatforms) = preSolution
		Debug|Any CPU = Debug|Any CPU
		Release|Any CPU = Release|Any CPU
	EndGlobalSection
	GlobalSection(ProjectConfigurationPlatforms) = postSolution
		{7B19952A-8231-4E0E-8591-30816B554CC7}.Debug|Any CPU.ActiveCfg = Debug|Any CPU
		{7B19952A-8231-4E0E-8591-30816B554CC7}.Debug|Any CPU.Build.0 = Debug|Any CPU
		{7B19952A-8231-4E0E-8591-30816B554CC7}.Release|Any CPU.ActiveCfg = Release|Any CPU
		{7B19952A-8231-4E0E-8591-30816B554CC7}.Release|Any CPU.Build.0 = Release|Any CPU
		{7762F1B0-4AF2-45A9-BE78-0B82C8DF1007}.Debug|Any CPU.ActiveCfg = Debug|Any CPU
		{7762F1B0-4AF2-45A9-BE78-0B82C8DF1007}.Debug|Any CPU.Build.0 = Debug|Any CPU
		{7762F1B0-4AF2-45A9-BE78-0B82C8DF1007}.Release|Any CPU.ActiveCfg = Release|Any CPU
		{7762F1B0-4AF2-45A9-BE78-0B82C8DF1007}.Release|Any CPU.Build.0 = Release|Any CPU
	EndGlobalSection
	GlobalSection(SolutionProperties) = preSolution
		HideSolutionNode = FALSE
	EndGlobalSection
	GlobalSection(NestedProjects) = preSolution
		{7762F1B0-4AF2-45A9-BE78-0B82C8DF1007} = {E7ABD9DB-4781-4AF6-8DF0-300A748FA542}
	EndGlobalSection
	GlobalSection(ExtensibilityGlobals) = postSolution
		SolutionGuid = {F1531140-5A4A-43E6-B368-8C7C48AF6A0F}
	EndGlobalSection
EndGlobal
